
Microsoft Visual Studio Solution File, Format Version 10.00
# Visual Studio 2008
Project("{8BC9CEB8-8B4A-11D0-8D11-00A0C91BC942}") = "vista_vol", "vista_vol\vista_vol.vcproj", "{1A0B99F8-C1C3-4ED2-AE08-419A28325C11}"
EndProject
Global
	GlobalSection(SolutionConfigurationPlatforms) = preSolution
		Debug|Win32 = Debug|Win32
		Release|Win32 = Release|Win32
	EndGlobalSection
	GlobalSection(ProjectConfigurationPlatforms) = postSolution
		{1A0B99F8-C1C3-4ED2-AE08-419A28325C11}.Debug|Win32.ActiveCfg = Debug|Win32
		{1A0B99F8-C1C3-4ED2-AE08-419A28325C11}.Debug|Win32.Build.0 = Debug|Win32
		{1A0B99F8-C1C3-4ED2-AE08-419A28325C11}.Release|Win32.ActiveCfg = Release|Win32
		{1A0B99F8-C1C3-4ED2-AE08-419A28325C11}.Release|Win32.Build.0 = Release|Win32
	EndGlobalSection
	GlobalSection(SolutionProperties) = preSolution
		HideSolutionNode = FALSE
	EndGlobalSection
EndGlobal
